<Solution>
  <Project Path="CFS.SnabNet.SourceGenerators/CFS.SnabNet.SourceGenerators.csproj" Id="0a498240-f032-4eff-951d-bf0f5cf205cd" />
  <Project Path="CFS.SnabNet.Tests/CFS.SnabNet.Tests.csproj" Id="beb109ac-d89f-4db7-9f8a-85caf77d182c" />
  <Project Path="CFS.SnabNet/CFS.SnabNet.csproj" />
</Solution>
